
Microsoft Visual Studio Solution File, Format Version 12.00
# Visual Studio Version 16
VisualStudioVersion = 16.0.30114.105
MinimumVisualStudioVersion = 10.0.40219.1
Project("{FAE04EC0-301F-11D3-BF4B-00C04F79EFBC}") = "API", "API\API.csproj", "{81C3DC93-FDFB-49A6-9FDC-D6C74FBE0206}"
EndProject
Project("{FAE04EC0-301F-11D3-BF4B-00C04F79EFBC}") = "Application", "Application\Application.csproj", "{57E066A3-085D-40E8-8207-9ED8E4D06DCB}"
EndProject
Project("{FAE04EC0-301F-11D3-BF4B-00C04F79EFBC}") = "Domain", "Domain\Domain.csproj", "{C6C2218B-7981-4713-853A-E3B52902CE5B}"
EndProject
Project("{FAE04EC0-301F-11D3-BF4B-00C04F79EFBC}") = "Persistence", "Persistence\Persistence.csproj", "{13503E46-4A6A-41E5-94E4-3C615F677903}"
EndProject
Global
	GlobalSection(SolutionConfigurationPlatforms) = preSolution
		Debug|Any CPU = Debug|Any CPU
		Debug|x64 = Debug|x64
		Debug|x86 = Debug|x86
		Release|Any CPU = Release|Any CPU
		Release|x64 = Release|x64
		Release|x86 = Release|x86
	EndGlobalSection
	GlobalSection(SolutionProperties) = preSolution
		HideSolutionNode = FALSE
	EndGlobalSection
	GlobalSection(ProjectConfigurationPlatforms) = postSolution
		{81C3DC93-FDFB-49A6-9FDC-D6C74FBE0206}.Debug|Any CPU.ActiveCfg = Debug|Any CPU
		{81C3DC93-FDFB-49A6-9FDC-D6C74FBE0206}.Debug|Any CPU.Build.0 = Debug|Any CPU
		{81C3DC93-FDFB-49A6-9FDC-D6C74FBE0206}.Debug|x64.ActiveCfg = Debug|Any CPU
		{81C3DC93-FDFB-49A6-9FDC-D6C74FBE0206}.Debug|x64.Build.0 = Debug|Any CPU
		{81C3DC93-FDFB-49A6-9FDC-D6C74FBE0206}.Debug|x86.ActiveCfg = Debug|Any CPU
		{81C3DC93-FDFB-49A6-9FDC-D6C74FBE0206}.Debug|x86.Build.0 = Debug|Any CPU
		{81C3DC93-FDFB-49A6-9FDC-D6C74FBE0206}.Release|Any CPU.ActiveCfg = Release|Any CPU
		{81C3DC93-FDFB-49A6-9FDC-D6C74FBE0206}.Release|Any CPU.Build.0 = Release|Any CPU
		{81C3DC93-FDFB-49A6-9FDC-D6C74FBE0206}.Release|x64.ActiveCfg = Release|Any CPU
		{81C3DC93-FDFB-49A6-9FDC-D6C74FBE0206}.Release|x64.Build.0 = Release|Any CPU
		{81C3DC93-FDFB-49A6-9FDC-D6C74FBE0206}.Release|x86.ActiveCfg = Release|Any CPU
		{81C3DC93-FDFB-49A6-9FDC-D6C74FBE0206}.Release|x86.Build.0 = Release|Any CPU
		{57E066A3-085D-40E8-8207-9ED8E4D06DCB}.Debug|Any CPU.ActiveCfg = Debug|Any CPU
		{57E066A3-085D-40E8-8207-9ED8E4D06DCB}.Debug|Any CPU.Build.0 = Debug|Any CPU
		{57E066A3-085D-40E8-8207-9ED8E4D06DCB}.Debug|x64.ActiveCfg = Debug|Any CPU
		{57E066A3-085D-40E8-8207-9ED8E4D06DCB}.Debug|x64.Build.0 = Debug|Any CPU
		{57E066A3-085D-40E8-8207-9ED8E4D06DCB}.Debug|x86.ActiveCfg = Debug|Any CPU
		{57E066A3-085D-40E8-8207-9ED8E4D06DCB}.Debug|x86.Build.0 = Debug|Any CPU
		{57E066A3-085D-40E8-8207-9ED8E4D06DCB}.Release|Any CPU.ActiveCfg = Release|Any CPU
		{57E066A3-085D-40E8-8207-9ED8E4D06DCB}.Release|Any CPU.Build.0 = Release|Any CPU
		{57E066A3-085D-40E8-8207-9ED8E4D06DCB}.Release|x64.ActiveCfg = Release|Any CPU
		{57E066A3-085D-40E8-8207-9ED8E4D06DCB}.Release|x64.Build.0 = Release|Any CPU
		{57E066A3-085D-40E8-8207-9ED8E4D06DCB}.Release|x86.ActiveCfg = Release|Any CPU
		{57E066A3-085D-40E8-8207-9ED8E4D06DCB}.Release|x86.Build.0 = Release|Any CPU
		{C6C2218B-7981-4713-853A-E3B52902CE5B}.Debug|Any CPU.ActiveCfg = Debug|Any CPU
		{C6C2218B-7981-4713-853A-E3B52902CE5B}.Debug|Any CPU.Build.0 = Debug|Any CPU
		{C6C2218B-7981-4713-853A-E3B52902CE5B}.Debug|x64.ActiveCfg = Debug|Any CPU
		{C6C2218B-7981-4713-853A-E3B52902CE5B}.Debug|x64.Build.0 = Debug|Any CPU
		{C6C2218B-7981-4713-853A-E3B52902CE5B}.Debug|x86.ActiveCfg = Debug|Any CPU
		{C6C2218B-7981-4713-853A-E3B52902CE5B}.Debug|x86.Build.0 = Debug|Any CPU
		{C6C2218B-7981-4713-853A-E3B52902CE5B}.Release|Any CPU.ActiveCfg = Release|Any CPU
		{C6C2218B-7981-4713-853A-E3B52902CE5B}.Release|Any CPU.Build.0 = Release|Any CPU
		{C6C2218B-7981-4713-853A-E3B52902CE5B}.Release|x64.ActiveCfg = Release|Any CPU
		{C6C2218B-7981-4713-853A-E3B52902CE5B}.Release|x64.Build.0 = Release|Any CPU
		{C6C2218B-7981-4713-853A-E3B52902CE5B}.Release|x86.ActiveCfg = Release|Any CPU
		{C6C2218B-7981-4713-853A-E3B52902CE5B}.Release|x86.Build.0 = Release|Any CPU
		{13503E46-4A6A-41E5-94E4-3C615F677903}.Debug|Any CPU.ActiveCfg = Debug|Any CPU
		{13503E46-4A6A-41E5-94E4-3C615F677903}.Debug|Any CPU.Build.0 = Debug|Any CPU
		{13503E46-4A6A-41E5-94E4-3C615F677903}.Debug|x64.ActiveCfg = Debug|Any CPU
		{13503E46-4A6A-41E5-94E4-3C615F677903}.Debug|x64.Build.0 = Debug|Any CPU
		{13503E46-4A6A-41E5-94E4-3C615F677903}.Debug|x86.ActiveCfg = Debug|Any CPU
		{13503E46-4A6A-41E5-94E4-3C615F677903}.Debug|x86.Build.0 = Debug|Any CPU
		{13503E46-4A6A-41E5-94E4-3C615F677903}.Release|Any CPU.ActiveCfg = Release|Any CPU
		{13503E46-4A6A-41E5-94E4-3C615F677903}.Release|Any CPU.Build.0 = Release|Any CPU
		{13503E46-4A6A-41E5-94E4-3C615F677903}.Release|x64.ActiveCfg = Release|Any CPU
		{13503E46-4A6A-41E5-94E4-3C615F677903}.Release|x64.Build.0 = Release|Any CPU
		{13503E46-4A6A-41E5-94E4-3C615F677903}.Release|x86.ActiveCfg = Release|Any CPU
		{13503E46-4A6A-41E5-94E4-3C615F677903}.Release|x86.Build.0 = Release|Any CPU
	EndGlobalSection
EndGlobal
